
Microsoft Visual Studio Solution File, Format Version 12.00
# Visual Studio Version 17
VisualStudioVersion = 17.2.32519.379
MinimumVisualStudioVersion = 10.0.40219.1
Project("{FAE04EC0-301F-11D3-BF4B-00C04F79EFBC}") = "StartApp.UWP", "StartApp\StartApp.UWP\StartApp.UWP.csproj", "{8712725F-FAA4-4DDF-8D2E-DA41B353FA2F}"
EndProject
Project("{FAE04EC0-301F-11D3-BF4B-00C04F79EFBC}") = "StartApp.Android", "StartApp\StartApp.Android\StartApp.Android.csproj", "{3878F34C-9467-4421-A337-94011C5E4396}"
EndProject
Project("{FAE04EC0-301F-11D3-BF4B-00C04F79EFBC}") = "StartApp", "StartApp\StartApp\StartApp.csproj", "{B4C7E263-0408-4B2C-B9A5-2AAAA060A234}"
EndProject
Global
	GlobalSection(SolutionConfigurationPlatforms) = preSolution
		Debug|Any CPU = Debug|Any CPU
		Debug|ARM = Debug|ARM
		Debug|x64 = Debug|x64
		Debug|x86 = Debug|x86
		Release|Any CPU = Release|Any CPU
		Release|ARM = Release|ARM
		Release|x64 = Release|x64
		Release|x86 = Release|x86
	EndGlobalSection
	GlobalSection(ProjectConfigurationPlatforms) = postSolution
		{8712725F-FAA4-4DDF-8D2E-DA41B353FA2F}.Debug|Any CPU.ActiveCfg = Debug|x64
		{8712725F-FAA4-4DDF-8D2E-DA41B353FA2F}.Debug|Any CPU.Build.0 = Debug|x64
		{8712725F-FAA4-4DDF-8D2E-DA41B353FA2F}.Debug|Any CPU.Deploy.0 = Debug|x64
		{8712725F-FAA4-4DDF-8D2E-DA41B353FA2F}.Debug|ARM.ActiveCfg = Debug|ARM
		{8712725F-FAA4-4DDF-8D2E-DA41B353FA2F}.Debug|ARM.Build.0 = Debug|ARM
		{8712725F-FAA4-4DDF-8D2E-DA41B353FA2F}.Debug|ARM.Deploy.0 = Debug|ARM
		{8712725F-FAA4-4DDF-8D2E-DA41B353FA2F}.Debug|x64.ActiveCfg = Debug|x64
		{8712725F-FAA4-4DDF-8D2E-DA41B353FA2F}.Debug|x64.Build.0 = Debug|x64
		{8712725F-FAA4-4DDF-8D2E-DA41B353FA2F}.Debug|x64.Deploy.0 = Debug|x64
		{8712725F-FAA4-4DDF-8D2E-DA41B353FA2F}.Debug|x86.ActiveCfg = Debug|x86
		{8712725F-FAA4-4DDF-8D2E-DA41B353FA2F}.Debug|x86.Build.0 = Debug|x86
		{8712725F-FAA4-4DDF-8D2E-DA41B353FA2F}.Debug|x86.Deploy.0 = Debug|x86
		{8712725F-FAA4-4DDF-8D2E-DA41B353FA2F}.Release|Any CPU.ActiveCfg = Release|x64
		{8712725F-FAA4-4DDF-8D2E-DA41B353FA2F}.Release|Any CPU.Build.0 = Release|x64
		{8712725F-FAA4-4DDF-8D2E-DA41B353FA2F}.Release|Any CPU.Deploy.0 = Release|x64
		{8712725F-FAA4-4DDF-8D2E-DA41B353FA2F}.Release|ARM.ActiveCfg = Release|ARM
		{8712725F-FAA4-4DDF-8D2E-DA41B353FA2F}.Release|ARM.Build.0 = Release|ARM
		{8712725F-FAA4-4DDF-8D2E-DA41B353FA2F}.Release|ARM.Deploy.0 = Release|ARM
		{8712725F-FAA4-4DDF-8D2E-DA41B353FA2F}.Release|x64.ActiveCfg = Release|x64
		{8712725F-FAA4-4DDF-8D2E-DA41B353FA2F}.Release|x64.Build.0 = Release|x64
		{8712725F-FAA4-4DDF-8D2E-DA41B353FA2F}.Release|x64.Deploy.0 = Release|x64
		{8712725F-FAA4-4DDF-8D2E-DA41B353FA2F}.Release|x86.ActiveCfg = Release|x86
		{8712725F-FAA4-4DDF-8D2E-DA41B353FA2F}.Release|x86.Build.0 = Release|x86
		{8712725F-FAA4-4DDF-8D2E-DA41B353FA2F}.Release|x86.Deploy.0 = Release|x86
		{3878F34C-9467-4421-A337-94011C5E4396}.Debug|Any CPU.ActiveCfg = Debug|Any CPU
		{3878F34C-9467-4421-A337-94011C5E4396}.Debug|Any CPU.Build.0 = Debug|Any CPU
		{3878F34C-9467-4421-A337-94011C5E4396}.Debug|Any CPU.Deploy.0 = Debug|Any CPU
		{3878F34C-9467-4421-A337-94011C5E4396}.Debug|ARM.ActiveCfg = Debug|Any CPU
		{3878F34C-9467-4421-A337-94011C5E4396}.Debug|ARM.Build.0 = Debug|Any CPU
		{3878F34C-9467-4421-A337-94011C5E4396}.Debug|ARM.Deploy.0 = Debug|Any CPU
		{3878F34C-9467-4421-A337-94011C5E4396}.Debug|x64.ActiveCfg = Debug|Any CPU
		{3878F34C-9467-4421-A337-94011C5E4396}.Debug|x64.Build.0 = Debug|Any CPU
		{3878F34C-9467-4421-A337-94011C5E4396}.Debug|x64.Deploy.0 = Debug|Any CPU
		{3878F34C-9467-4421-A337-94011C5E4396}.Debug|x86.ActiveCfg = Debug|Any CPU
		{3878F34C-9467-4421-A337-94011C5E4396}.Debug|x86.Build.0 = Debug|Any CPU
		{3878F34C-9467-4421-A337-94011C5E4396}.Debug|x86.Deploy.0 = Debug|Any CPU
		{3878F34C-9467-4421-A337-94011C5E4396}.Release|Any CPU.ActiveCfg = Release|Any CPU
		{3878F34C-9467-4421-A337-94011C5E4396}.Release|Any CPU.Build.0 = Release|Any CPU
		{3878F34C-9467-4421-A337-94011C5E4396}.Release|Any CPU.Deploy.0 = Release|Any CPU
		{3878F34C-9467-4421-A337-94011C5E4396}.Release|ARM.ActiveCfg = Release|Any CPU
		{3878F34C-9467-4421-A337-94011C5E4396}.Release|ARM.Build.0 = Release|Any CPU
		{3878F34C-9467-4421-A337-94011C5E4396}.Release|ARM.Deploy.0 = Release|Any CPU
		{3878F34C-9467-4421-A337-94011C5E4396}.Release|x64.ActiveCfg = Release|Any CPU
		{3878F34C-9467-4421-A337-94011C5E4396}.Release|x64.Build.0 = Release|Any CPU
		{3878F34C-9467-4421-A337-94011C5E4396}.Release|x64.Deploy.0 = Release|Any CPU
		{3878F34C-9467-4421-A337-94011C5E4396}.Release|x86.ActiveCfg = Release|Any CPU
		{3878F34C-9467-4421-A337-94011C5E4396}.Release|x86.Build.0 = Release|Any CPU
		{3878F34C-9467-4421-A337-94011C5E4396}.Release|x86.Deploy.0 = Release|Any CPU
		{B4C7E263-0408-4B2C-B9A5-2AAAA060A234}.Debug|Any CPU.ActiveCfg = Debug|Any CPU
		{B4C7E263-0408-4B2C-B9A5-2AAAA060A234}.Debug|Any CPU.Build.0 = Debug|Any CPU
		{B4C7E263-0408-4B2C-B9A5-2AAAA060A234}.Debug|Any CPU.Deploy.0 = Debug|Any CPU
		{B4C7E263-0408-4B2C-B9A5-2AAAA060A234}.Debug|ARM.ActiveCfg = Debug|Any CPU
		{B4C7E263-0408-4B2C-B9A5-2AAAA060A234}.Debug|ARM.Build.0 = Debug|Any CPU
		{B4C7E263-0408-4B2C-B9A5-2AAAA060A234}.Debug|ARM.Deploy.0 = Debug|Any CPU
		{B4C7E263-0408-4B2C-B9A5-2AAAA060A234}.Debug|x64.ActiveCfg = Debug|Any CPU
		{B4C7E263-0408-4B2C-B9A5-2AAAA060A234}.Debug|x64.Build.0 = Debug|Any CPU
		{B4C7E263-0408-4B2C-B9A5-2AAAA060A234}.Debug|x64.Deploy.0 = Debug|Any CPU
		{B4C7E263-0408-4B2C-B9A5-2AAAA060A234}.Debug|x86.ActiveCfg = Debug|Any CPU
		{B4C7E263-0408-4B2C-B9A5-2AAAA060A234}.Debug|x86.Build.0 = Debug|Any CPU
		{B4C7E263-0408-4B2C-B9A5-2AAAA060A234}.Debug|x86.Deploy.0 = Debug|Any CPU
		{B4C7E263-0408-4B2C-B9A5-2AAAA060A234}.Release|Any CPU.ActiveCfg = Release|Any CPU
		{B4C7E263-0408-4B2C-B9A5-2AAAA060A234}.Release|Any CPU.Build.0 = Release|Any CPU
		{B4C7E263-0408-4B2C-B9A5-2AAAA060A234}.Release|Any CPU.Deploy.0 = Release|Any CPU
		{B4C7E263-0408-4B2C-B9A5-2AAAA060A234}.Release|ARM.ActiveCfg = Release|Any CPU
		{B4C7E263-0408-4B2C-B9A5-2AAAA060A234}.Release|ARM.Build.0 = Release|Any CPU
		{B4C7E263-0408-4B2C-B9A5-2AAAA060A234}.Release|ARM.Deploy.0 = Release|Any CPU
		{B4C7E263-0408-4B2C-B9A5-2AAAA060A234}.Release|x64.ActiveCfg = Release|Any CPU
		{B4C7E263-0408-4B2C-B9A5-2AAAA060A234}.Release|x64.Build.0 = Release|Any CPU
		{B4C7E263-0408-4B2C-B9A5-2AAAA060A234}.Release|x64.Deploy.0 = Release|Any CPU
		{B4C7E263-0408-4B2C-B9A5-2AAAA060A234}.Release|x86.ActiveCfg = Release|Any CPU
		{B4C7E263-0408-4B2C-B9A5-2AAAA060A234}.Release|x86.Build.0 = Release|Any CPU
		{B4C7E263-0408-4B2C-B9A5-2AAAA060A234}.Release|x86.Deploy.0 = Release|Any CPU
	EndGlobalSection
	GlobalSection(SolutionProperties) = preSolution
		HideSolutionNode = FALSE
	EndGlobalSection
	GlobalSection(ExtensibilityGlobals) = postSolution
		SolutionGuid = {13D8C3AE-8021-473C-BA4F-74B4B82215CE}
	EndGlobalSection
EndGlobal
